// !$*UTF8*$!
{
	archiveVersion = 1;
	classes = {
	};
	objectVersion = 56;
	objects = {

/* Begin PBXBuildFile section */
		A05B23412AFEB08A00EF10D5 /* Foodier_App.swift in Sources */ = {isa = PBXBuildFile; fileRef = A05B23402AFEB08A00EF10D5 /* Foodier_App.swift */; };
		A05B23432AFEB08A00EF10D5 /* ContentView.swift in Sources */ = {isa = PBXBuildFile; fileRef = A05B23422AFEB08A00EF10D5 /* ContentView.swift */; };
		A05B23452AFEB08C00EF10D5 /* Assets.xcassets in Resources */ = {isa = PBXBuildFile; fileRef = A05B23442AFEB08C00EF10D5 /* Assets.xcassets */; };
		A05B23482AFEB08C00EF10D5 /* Preview Assets.xcassets in Resources */ = {isa = PBXBuildFile; fileRef = A05B23472AFEB08C00EF10D5 /* Preview Assets.xcassets */; };
		A05B234A2AFEB08C00EF10D5 /* Persistence.swift in Sources */ = {isa = PBXBuildFile; fileRef = A05B23492AFEB08C00EF10D5 /* Persistence.swift */; };
		A05B234D2AFEB08C00EF10D5 /* Foodier_.xcdatamodeld in Sources */ = {isa = PBXBuildFile; fileRef = A05B234B2AFEB08C00EF10D5 /* Foodier_.xcdatamodeld */; };
		A05B23582AFEB08C00EF10D5 /* Foodier_Tests.swift in Sources */ = {isa = PBXBuildFile; fileRef = A05B23572AFEB08C00EF10D5 /* Foodier_Tests.swift */; };
		A05B23622AFEB08C00EF10D5 /* Foodier_UITests.swift in Sources */ = {isa = PBXBuildFile; fileRef = A05B23612AFEB08C00EF10D5 /* Foodier_UITests.swift */; };
		A05B23642AFEB08C00EF10D5 /* Foodier_UITestsLaunchTests.swift in Sources */ = {isa = PBXBuildFile; fileRef = A05B23632AFEB08C00EF10D5 /* Foodier_UITestsLaunchTests.swift */; };
		A05B23792AFEB2E300EF10D5 /* LoginView.swift in Sources */ = {isa = PBXBuildFile; fileRef = A05B23782AFEB2E300EF10D5 /* LoginView.swift */; };
		A05B237B2AFEBB9600EF10D5 /* InputView.swift in Sources */ = {isa = PBXBuildFile; fileRef = A05B237A2AFEBB9600EF10D5 /* InputView.swift */; };
		A05B237D2AFEC76300EF10D5 /* RegistrationView.swift in Sources */ = {isa = PBXBuildFile; fileRef = A05B237C2AFEC76300EF10D5 /* RegistrationView.swift */; };
/* End PBXBuildFile section */

/* Begin PBXContainerItemProxy section */
		A05B23542AFEB08C00EF10D5 /* PBXContainerItemProxy */ = {
			isa = PBXContainerItemProxy;
			containerPortal = A05B23352AFEB08A00EF10D5 /* Project object */;
			proxyType = 1;
			remoteGlobalIDString = A05B233C2AFEB08A00EF10D5;
			remoteInfo = "Foodier!";
		};
		A05B235E2AFEB08C00EF10D5 /* PBXContainerItemProxy */ = {
			isa = PBXContainerItemProxy;
			containerPortal = A05B23352AFEB08A00EF10D5 /* Project object */;
			proxyType = 1;
			remoteGlobalIDString = A05B233C2AFEB08A00EF10D5;
			remoteInfo = "Foodier!";
		};
/* End PBXContainerItemProxy section */

/* Begin PBXFileReference section */
		A05B233D2AFEB08A00EF10D5 /* Foodier!.app */ = {isa = PBXFileReference; explicitFileType = wrapper.application; includeInIndex = 0; path = "Foodier!.app"; sourceTree = BUILT_PRODUCTS_DIR; };
		A05B23402AFEB08A00EF10D5 /* Foodier_App.swift */ = {isa = PBXFileReference; lastKnownFileType = sourcecode.swift; path = Foodier_App.swift; sourceTree = "<group>"; };
		A05B23422AFEB08A00EF10D5 /* ContentView.swift */ = {isa = PBXFileReference; lastKnownFileType = sourcecode.swift; path = ContentView.swift; sourceTree = "<group>"; };
		A05B23442AFEB08C00EF10D5 /* Assets.xcassets */ = {isa = PBXFileReference; lastKnownFileType = folder.assetcatalog; path = Assets.xcassets; sourceTree = "<group>"; };
		A05B23472AFEB08C00EF10D5 /* Preview Assets.xcassets */ = {isa = PBXFileReference; lastKnownFileType = folder.assetcatalog; path = "Preview Assets.xcassets"; sourceTree = "<group>"; };
		A05B23492AFEB08C00EF10D5 /* Persistence.swift */ = {isa = PBXFileReference; lastKnownFileType = sourcecode.swift; path = Persistence.swift; sourceTree = "<group>"; };
		A05B234C2AFEB08C00EF10D5 /* Foodier_.xcdatamodel */ = {isa = PBXFileReference; lastKnownFileType = wrapper.xcdatamodel; path = Foodier_.xcdatamodel; sourceTree = "<group>"; };
		A05B234E2AFEB08C00EF10D5 /* Info.plist */ = {isa = PBXFileReference; lastKnownFileType = text.plist.xml; path = Info.plist; sourceTree = "<group>"; };
		A05B23532AFEB08C00EF10D5 /* Foodier!Tests.xctest */ = {isa = PBXFileReference; explicitFileType = wrapper.cfbundle; includeInIndex = 0; path = "Foodier!Tests.xctest"; sourceTree = BUILT_PRODUCTS_DIR; };
		A05B23572AFEB08C00EF10D5 /* Foodier_Tests.swift */ = {isa = PBXFileReference; lastKnownFileType = sourcecode.swift; path = Foodier_Tests.swift; sourceTree = "<group>"; };
		A05B235D2AFEB08C00EF10D5 /* Foodier!UITests.xctest */ = {isa = PBXFileReference; explicitFileType = wrapper.cfbundle; includeInIndex = 0; path = "Foodier!UITests.xctest"; sourceTree = BUILT_PRODUCTS_DIR; };
		A05B23612AFEB08C00EF10D5 /* Foodier_UITests.swift */ = {isa = PBXFileReference; lastKnownFileType = sourcecode.swift; path = Foodier_UITests.swift; sourceTree = "<group>"; };
		A05B23632AFEB08C00EF10D5 /* Foodier_UITestsLaunchTests.swift */ = {isa = PBXFileReference; lastKnownFileType = sourcecode.swift; path = Foodier_UITestsLaunchTests.swift; sourceTree = "<group>"; };
		A05B23782AFEB2E300EF10D5 /* LoginView.swift */ = {isa = PBXFileReference; lastKnownFileType = sourcecode.swift; path = LoginView.swift; sourceTree = "<group>"; };
		A05B237A2AFEBB9600EF10D5 /* InputView.swift */ = {isa = PBXFileReference; lastKnownFileType = sourcecode.swift; path = InputView.swift; sourceTree = "<group>"; };
		A05B237C2AFEC76300EF10D5 /* RegistrationView.swift */ = {isa = PBXFileReference; lastKnownFileType = sourcecode.swift; path = RegistrationView.swift; sourceTree = "<group>"; };
/* End PBXFileReference section */

/* Begin PBXFrameworksBuildPhase section */
		A05B233A2AFEB08A00EF10D5 /* Frameworks */ = {
			isa = PBXFrameworksBuildPhase;
			buildActionMask = 2147483647;
			files = (
			);
			runOnlyForDeploymentPostprocessing = 0;
		};
		A05B23502AFEB08C00EF10D5 /* Frameworks */ = {
			isa = PBXFrameworksBuildPhase;
			buildActionMask = 2147483647;
			files = (
			);
			runOnlyForDeploymentPostprocessing = 0;
		};
		A05B235A2AFEB08C00EF10D5 /* Frameworks */ = {
			isa = PBXFrameworksBuildPhase;
			buildActionMask = 2147483647;
			files = (
			);
			runOnlyForDeploymentPostprocessing = 0;
		};
/* End PBXFrameworksBuildPhase section */

/* Begin PBXGroup section */
		A05B23342AFEB08A00EF10D5 = {
			isa = PBXGroup;
			children = (
				A05B233F2AFEB08A00EF10D5 /* Foodier! */,
				A05B23562AFEB08C00EF10D5 /* Foodier!Tests */,
				A05B23602AFEB08C00EF10D5 /* Foodier!UITests */,
				A05B233E2AFEB08A00EF10D5 /* Products */,
			);
			sourceTree = "<group>";
		};
		A05B233E2AFEB08A00EF10D5 /* Products */ = {
			isa = PBXGroup;
			children = (
				A05B233D2AFEB08A00EF10D5 /* Foodier!.app */,
				A05B23532AFEB08C00EF10D5 /* Foodier!Tests.xctest */,
				A05B235D2AFEB08C00EF10D5 /* Foodier!UITests.xctest */,
			);
			name = Products;
			sourceTree = "<group>";
		};
		A05B233F2AFEB08A00EF10D5 /* Foodier! */ = {
			isa = PBXGroup;
			children = (
				A05B23702AFEB0E800EF10D5 /* App */,
				A05B23712AFEB10100EF10D5 /* Components */,
				A05B23722AFEB11300EF10D5 /* Core */,
				A05B23732AFEB11F00EF10D5 /* Model */,
				A05B23442AFEB08C00EF10D5 /* Assets.xcassets */,
				A05B23492AFEB08C00EF10D5 /* Persistence.swift */,
				A05B234E2AFEB08C00EF10D5 /* Info.plist */,
				A05B234B2AFEB08C00EF10D5 /* Foodier_.xcdatamodeld */,
				A05B23462AFEB08C00EF10D5 /* Preview Content */,
			);
			path = "Foodier!";
			sourceTree = "<group>";
		};
		A05B23462AFEB08C00EF10D5 /* Preview Content */ = {
			isa = PBXGroup;
			children = (
				A05B23472AFEB08C00EF10D5 /* Preview Assets.xcassets */,
			);
			path = "Preview Content";
			sourceTree = "<group>";
		};
		A05B23562AFEB08C00EF10D5 /* Foodier!Tests */ = {
			isa = PBXGroup;
			children = (
				A05B23572AFEB08C00EF10D5 /* Foodier_Tests.swift */,
			);
			path = "Foodier!Tests";
			sourceTree = "<group>";
		};
		A05B23602AFEB08C00EF10D5 /* Foodier!UITests */ = {
			isa = PBXGroup;
			children = (
				A05B23612AFEB08C00EF10D5 /* Foodier_UITests.swift */,
				A05B23632AFEB08C00EF10D5 /* Foodier_UITestsLaunchTests.swift */,
			);
			path = "Foodier!UITests";
			sourceTree = "<group>";
		};
		A05B23702AFEB0E800EF10D5 /* App */ = {
			isa = PBXGroup;
			children = (
				A05B23402AFEB08A00EF10D5 /* Foodier_App.swift */,
			);
			path = App;
			sourceTree = "<group>";
		};
		A05B23712AFEB10100EF10D5 /* Components */ = {
			isa = PBXGroup;
			children = (
				A05B237A2AFEBB9600EF10D5 /* InputView.swift */,
			);
			path = Components;
			sourceTree = "<group>";
		};
		A05B23722AFEB11300EF10D5 /* Core */ = {
			isa = PBXGroup;
			children = (
				A05B23772AFEB28000EF10D5 /* Profile */,
				A05B23752AFEB21100EF10D5 /* Authentication */,
				A05B23742AFEB1E400EF10D5 /* Root */,
			);
			path = Core;
			sourceTree = "<group>";
		};
		A05B23732AFEB11F00EF10D5 /* Model */ = {
			isa = PBXGroup;
			children = (
			);
			path = Model;
			sourceTree = "<group>";
		};
		A05B23742AFEB1E400EF10D5 /* Root */ = {
			isa = PBXGroup;
			children = (
				A05B23422AFEB08A00EF10D5 /* ContentView.swift */,
			);
			path = Root;
			sourceTree = "<group>";
		};
		A05B23752AFEB21100EF10D5 /* Authentication */ = {
			isa = PBXGroup;
			children = (
				A05B23782AFEB2E300EF10D5 /* LoginView.swift */,
				A05B237C2AFEC76300EF10D5 /* RegistrationView.swift */,
			);
			path = Authentication;
			sourceTree = "<group>";
		};
		A05B23772AFEB28000EF10D5 /* Profile */ = {
			isa = PBXGroup;
			children = (
			);
			path = Profile;
			sourceTree = "<group>";
		};
/* End PBXGroup section */

/* Begin PBXNativeTarget section */
		A05B233C2AFEB08A00EF10D5 /* Foodier! */ = {
			isa = PBXNativeTarget;
			buildConfigurationList = A05B23672AFEB08C00EF10D5 /* Build configuration list for PBXNativeTarget "Foodier!" */;
			buildPhases = (
				A05B23392AFEB08A00EF10D5 /* Sources */,
				A05B233A2AFEB08A00EF10D5 /* Frameworks */,
				A05B233B2AFEB08A00EF10D5 /* Resources */,
			);
			buildRules = (
			);
			dependencies = (
			);
			name = "Foodier!";
			productName = "Foodier!";
			productReference = A05B233D2AFEB08A00EF10D5 /* Foodier!.app */;
			productType = "com.apple.product-type.application";
		};
		A05B23522AFEB08C00EF10D5 /* Foodier!Tests */ = {
			isa = PBXNativeTarget;
			buildConfigurationList = A05B236A2AFEB08C00EF10D5 /* Build configuration list for PBXNativeTarget "Foodier!Tests" */;
			buildPhases = (
				A05B234F2AFEB08C00EF10D5 /* Sources */,
				A05B23502AFEB08C00EF10D5 /* Frameworks */,
				A05B23512AFEB08C00EF10D5 /* Resources */,
			);
			buildRules = (
			);
			dependencies = (
				A05B23552AFEB08C00EF10D5 /* PBXTargetDependency */,
			);
			name = "Foodier!Tests";
			productName = "Foodier!Tests";
			productReference = A05B23532AFEB08C00EF10D5 /* Foodier!Tests.xctest */;
			productType = "com.apple.product-type.bundle.unit-test";
		};
		A05B235C2AFEB08C00EF10D5 /* Foodier!UITests */ = {
			isa = PBXNativeTarget;
			buildConfigurationList = A05B236D2AFEB08C00EF10D5 /* Build configuration list for PBXNativeTarget "Foodier!UITests" */;
			buildPhases = (
				A05B23592AFEB08C00EF10D5 /* Sources */,
				A05B235A2AFEB08C00EF10D5 /* Frameworks */,
				A05B235B2AFEB08C00EF10D5 /* Resources */,
			);
			buildRules = (
			);
			dependencies = (
				A05B235F2AFEB08C00EF10D5 /* PBXTargetDependency */,
			);
			name = "Foodier!UITests";
			productName = "Foodier!UITests";
			productReference = A05B235D2AFEB08C00EF10D5 /* Foodier!UITests.xctest */;
			productType = "com.apple.product-type.bundle.ui-testing";
		};
/* End PBXNativeTarget section */

/* Begin PBXProject section */
		A05B23352AFEB08A00EF10D5 /* Project object */ = {
			isa = PBXProject;
			attributes = {
				BuildIndependentTargetsInParallel = 1;
				LastSwiftUpdateCheck = 1430;
				LastUpgradeCheck = 1430;
				TargetAttributes = {
					A05B233C2AFEB08A00EF10D5 = {
						CreatedOnToolsVersion = 14.3.1;
					};
					A05B23522AFEB08C00EF10D5 = {
						CreatedOnToolsVersion = 14.3.1;
						TestTargetID = A05B233C2AFEB08A00EF10D5;
					};
					A05B235C2AFEB08C00EF10D5 = {
						CreatedOnToolsVersion = 14.3.1;
						TestTargetID = A05B233C2AFEB08A00EF10D5;
					};
				};
			};
			buildConfigurationList = A05B23382AFEB08A00EF10D5 /* Build configuration list for PBXProject "Foodier!" */;
			compatibilityVersion = "Xcode 14.0";
			developmentRegion = en;
			hasScannedForEncodings = 0;
			knownRegions = (
				en,
				Base,
			);
			mainGroup = A05B23342AFEB08A00EF10D5;
			productRefGroup = A05B233E2AFEB08A00EF10D5 /* Products */;
			projectDirPath = "";
			projectRoot = "";
			targets = (
				A05B233C2AFEB08A00EF10D5 /* Foodier! */,
				A05B23522AFEB08C00EF10D5 /* Foodier!Tests */,
				A05B235C2AFEB08C00EF10D5 /* Foodier!UITests */,
			);
		};
/* End PBXProject section */

/* Begin PBXResourcesBuildPhase section */
		A05B233B2AFEB08A00EF10D5 /* Resources */ = {
			isa = PBXResourcesBuildPhase;
			buildActionMask = 2147483647;
			files = (
				A05B23482AFEB08C00EF10D5 /* Preview Assets.xcassets in Resources */,
				A05B23452AFEB08C00EF10D5 /* Assets.xcassets in Resources */,
			);
			runOnlyForDeploymentPostprocessing = 0;
		};
		A05B23512AFEB08C00EF10D5 /* Resources */ = {
			isa = PBXResourcesBuildPhase;
			buildActionMask = 2147483647;
			files = (
			);
			runOnlyForDeploymentPostprocessing = 0;
		};
		A05B235B2AFEB08C00EF10D5 /* Resources */ = {
			isa = PBXResourcesBuildPhase;
			buildActionMask = 2147483647;
			files = (
			);
			runOnlyForDeploymentPostprocessing = 0;
		};
/* End PBXResourcesBuildPhase section */

/* Begin PBXSourcesBuildPhase section */
		A05B23392AFEB08A00EF10D5 /* Sources */ = {
			isa = PBXSourcesBuildPhase;
			buildActionMask = 2147483647;
			files = (
				A05B234D2AFEB08C00EF10D5 /* Foodier_.xcdatamodeld in Sources */,
				A05B234A2AFEB08C00EF10D5 /* Persistence.swift in Sources */,
				A05B23432AFEB08A00EF10D5 /* ContentView.swift in Sources */,
				A05B237D2AFEC76300EF10D5 /* RegistrationView.swift in Sources */,
				A05B237B2AFEBB9600EF10D5 /* InputView.swift in Sources */,
				A05B23792AFEB2E300EF10D5 /* LoginView.swift in Sources */,
				A05B23412AFEB08A00EF10D5 /* Foodier_App.swift in Sources */,
			);
			runOnlyForDeploymentPostprocessing = 0;
		};
		A05B234F2AFEB08C00EF10D5 /* Sources */ = {
			isa = PBXSourcesBuildPhase;
			buildActionMask = 2147483647;
			files = (
				A05B23582AFEB08C00EF10D5 /* Foodier_Tests.swift in Sources */,
			);
			runOnlyForDeploymentPostprocessing = 0;
		};
		A05B23592AFEB08C00EF10D5 /* Sources */ = {
			isa = PBXSourcesBuildPhase;
			buildActionMask = 2147483647;
			files = (
				A05B23642AFEB08C00EF10D5 /* Foodier_UITestsLaunchTests.swift in Sources */,
				A05B23622AFEB08C00EF10D5 /* Foodier_UITests.swift in Sources */,
			);
			runOnlyForDeploymentPostprocessing = 0;
		};
/* End PBXSourcesBuildPhase section */

/* Begin PBXTargetDependency section */
		A05B23552AFEB08C00EF10D5 /* PBXTargetDependency */ = {
			isa = PBXTargetDependency;
			target = A05B233C2AFEB08A00EF10D5 /* Foodier! */;
			targetProxy = A05B23542AFEB08C00EF10D5 /* PBXContainerItemProxy */;
		};
		A05B235F2AFEB08C00EF10D5 /* PBXTargetDependency */ = {
			isa = PBXTargetDependency;
			target = A05B233C2AFEB08A00EF10D5 /* Foodier! */;
			targetProxy = A05B235E2AFEB08C00EF10D5 /* PBXContainerItemProxy */;
		};
/* End PBXTargetDependency section */

/* Begin XCBuildConfiguration section */
		A05B23652AFEB08C00EF10D5 /* Debug */ = {
			isa = XCBuildConfiguration;
			buildSettings = {
				ALWAYS_SEARCH_USER_PATHS = NO;
				CLANG_ANALYZER_NONNULL = YES;
				CLANG_ANALYZER_NUMBER_OBJECT_CONVERSION = YES_AGGRESSIVE;
				CLANG_CXX_LANGUAGE_STANDARD = "gnu++20";
				CLANG_ENABLE_MODULES = YES;
				CLANG_ENABLE_OBJC_ARC = YES;
				CLANG_ENABLE_OBJC_WEAK = YES;
				CLANG_WARN_BLOCK_CAPTURE_AUTORELEASING = YES;
				CLANG_WARN_BOOL_CONVERSION = YES;
				CLANG_WARN_COMMA = YES;
				CLANG_WARN_CONSTANT_CONVERSION = YES;
				CLANG_WARN_DEPRECATED_OBJC_IMPLEMENTATIONS = YES;
				CLANG_WARN_DIRECT_OBJC_ISA_USAGE = YES_ERROR;
				CLANG_WARN_DOCUMENTATION_COMMENTS = YES;
				CLANG_WARN_EMPTY_BODY = YES;
				CLANG_WARN_ENUM_CONVERSION = YES;
				CLANG_WARN_INFINITE_RECURSION = YES;
				CLANG_WARN_INT_CONVERSION = YES;
				CLANG_WARN_NON_LITERAL_NULL_CONVERSION = YES;
				CLANG_WARN_OBJC_IMPLICIT_RETAIN_SELF = YES;
				CLANG_WARN_OBJC_LITERAL_CONVERSION = YES;
				CLANG_WARN_OBJC_ROOT_CLASS = YES_ERROR;
				CLANG_WARN_QUOTED_INCLUDE_IN_FRAMEWORK_HEADER = YES;
				CLANG_WARN_RANGE_LOOP_ANALYSIS = YES;
				CLANG_WARN_STRICT_PROTOTYPES = YES;
				CLANG_WARN_SUSPICIOUS_MOVE = YES;
				CLANG_WARN_UNGUARDED_AVAILABILITY = YES_AGGRESSIVE;
				CLANG_WARN_UNREACHABLE_CODE = YES;
				CLANG_WARN__DUPLICATE_METHOD_MATCH = YES;
				COPY_PHASE_STRIP = NO;
				DEBUG_INFORMATION_FORMAT = dwarf;
				ENABLE_STRICT_OBJC_MSGSEND = YES;
				ENABLE_TESTABILITY = YES;
				GCC_C_LANGUAGE_STANDARD = gnu11;
				GCC_DYNAMIC_NO_PIC = NO;
				GCC_NO_COMMON_BLOCKS = YES;
				GCC_OPTIMIZATION_LEVEL = 0;
				GCC_PREPROCESSOR_DEFINITIONS = (
					"DEBUG=1",
					"$(inherited)",
				);
				GCC_WARN_64_TO_32_BIT_CONVERSION = YES;
				GCC_WARN_ABOUT_RETURN_TYPE = YES_ERROR;
				GCC_WARN_UNDECLARED_SELECTOR = YES;
				GCC_WARN_UNINITIALIZED_AUTOS = YES_AGGRESSIVE;
				GCC_WARN_UNUSED_FUNCTION = YES;
				GCC_WARN_UNUSED_VARIABLE = YES;
				IPHONEOS_DEPLOYMENT_TARGET = 16.4;
				MTL_ENABLE_DEBUG_INFO = INCLUDE_SOURCE;
				MTL_FAST_MATH = YES;
				ONLY_ACTIVE_ARCH = YES;
				SDKROOT = iphoneos;
				SWIFT_ACTIVE_COMPILATION_CONDITIONS = DEBUG;
				SWIFT_OPTIMIZATION_LEVEL = "-Onone";
			};
			name = Debug;
		};
		A05B23662AFEB08C00EF10D5 /* Release */ = {
			isa = XCBuildConfiguration;
			buildSettings = {
				ALWAYS_SEARCH_USER_PATHS = NO;
				CLANG_ANALYZER_NONNULL = YES;
				CLANG_ANALYZER_NUMBER_OBJECT_CONVERSION = YES_AGGRESSIVE;
				CLANG_CXX_LANGUAGE_STANDARD = "gnu++20";
				CLANG_ENABLE_MODULES = YES;
				CLANG_ENABLE_OBJC_ARC = YES;
				CLANG_ENABLE_OBJC_WEAK = YES;
				CLANG_WARN_BLOCK_CAPTURE_AUTORELEASING = YES;
				CLANG_WARN_BOOL_CONVERSION = YES;
				CLANG_WARN_COMMA = YES;
				CLANG_WARN_CONSTANT_CONVERSION = YES;
				CLANG_WARN_DEPRECATED_OBJC_IMPLEMENTATIONS = YES;
				CLANG_WARN_DIRECT_OBJC_ISA_USAGE = YES_ERROR;
				CLANG_WARN_DOCUMENTATION_COMMENTS = YES;
				CLANG_WARN_EMPTY_BODY = YES;
				CLANG_WARN_ENUM_CONVERSION = YES;
				CLANG_WARN_INFINITE_RECURSION = YES;
				CLANG_WARN_INT_CONVERSION = YES;
				CLANG_WARN_NON_LITERAL_NULL_CONVERSION = YES;
				CLANG_WARN_OBJC_IMPLICIT_RETAIN_SELF = YES;
				CLANG_WARN_OBJC_LITERAL_CONVERSION = YES;
				CLANG_WARN_OBJC_ROOT_CLASS = YES_ERROR;
				CLANG_WARN_QUOTED_INCLUDE_IN_FRAMEWORK_HEADER = YES;
				CLANG_WARN_RANGE_LOOP_ANALYSIS = YES;
				CLANG_WARN_STRICT_PROTOTYPES = YES;
				CLANG_WARN_SUSPICIOUS_MOVE = YES;
				CLANG_WARN_UNGUARDED_AVAILABILITY = YES_AGGRESSIVE;
				CLANG_WARN_UNREACHABLE_CODE = YES;
				CLANG_WARN__DUPLICATE_METHOD_MATCH = YES;
				COPY_PHASE_STRIP = NO;
				DEBUG_INFORMATION_FORMAT = "dwarf-with-dsym";
				ENABLE_NS_ASSERTIONS = NO;
				ENABLE_STRICT_OBJC_MSGSEND = YES;
				GCC_C_LANGUAGE_STANDARD = gnu11;
				GCC_NO_COMMON_BLOCKS = YES;
				GCC_WARN_64_TO_32_BIT_CONVERSION = YES;
				GCC_WARN_ABOUT_RETURN_TYPE = YES_ERROR;
				GCC_WARN_UNDECLARED_SELECTOR = YES;
				GCC_WARN_UNINITIALIZED_AUTOS = YES_AGGRESSIVE;
				GCC_WARN_UNUSED_FUNCTION = YES;
				GCC_WARN_UNUSED_VARIABLE = YES;
				IPHONEOS_DEPLOYMENT_TARGET = 16.4;
				MTL_ENABLE_DEBUG_INFO = NO;
				MTL_FAST_MATH = YES;
				SDKROOT = iphoneos;
				SWIFT_COMPILATION_MODE = wholemodule;
				SWIFT_OPTIMIZATION_LEVEL = "-O";
				VALIDATE_PRODUCT = YES;
			};
			name = Release;
		};
		A05B23682AFEB08C00EF10D5 /* Debug */ = {
			isa = XCBuildConfiguration;
			buildSettings = {
				ASSETCATALOG_COMPILER_APPICON_NAME = AppIcon;
				ASSETCATALOG_COMPILER_GLOBAL_ACCENT_COLOR_NAME = AccentColor;
				CODE_SIGN_STYLE = Automatic;
				CURRENT_PROJECT_VERSION = 1;
				DEVELOPMENT_ASSET_PATHS = "\"Foodier!/Preview Content\"";
				ENABLE_PREVIEWS = YES;
				GENERATE_INFOPLIST_FILE = YES;
				INFOPLIST_KEY_UIApplicationSceneManifest_Generation = YES;
				INFOPLIST_KEY_UIApplicationSupportsIndirectInputEvents = YES;
				INFOPLIST_KEY_UILaunchScreen_Generation = YES;
				INFOPLIST_KEY_UISupportedInterfaceOrientations_iPad = "UIInterfaceOrientationPortrait UIInterfaceOrientationPortraitUpsideDown UIInterfaceOrientationLandscapeLeft UIInterfaceOrientationLandscapeRight";
				INFOPLIST_KEY_UISupportedInterfaceOrientations_iPhone = "UIInterfaceOrientationPortrait UIInterfaceOrientationLandscapeLeft UIInterfaceOrientationLandscapeRight";
				LD_RUNPATH_SEARCH_PATHS = (
					"$(inherited)",
					"@executable_path/Frameworks",
				);
				MARKETING_VERSION = 1.0;
				PRODUCT_BUNDLE_IDENTIFIER = "ios.108.Foodier-";
				PRODUCT_NAME = "$(TARGET_NAME)";
				SWIFT_EMIT_LOC_STRINGS = YES;
				SWIFT_VERSION = 5.0;
				TARGETED_DEVICE_FAMILY = "1,2";
			};
			name = Debug;
		};
		A05B23692AFEB08C00EF10D5 /* Release */ = {
			isa = XCBuildConfiguration;
			buildSettings = {
				ASSETCATALOG_COMPILER_APPICON_NAME = AppIcon;
				ASSETCATALOG_COMPILER_GLOBAL_ACCENT_COLOR_NAME = AccentColor;
				CODE_SIGN_STYLE = Automatic;
				CURRENT_PROJECT_VERSION = 1;
				DEVELOPMENT_ASSET_PATHS = "\"Foodier!/Preview Content\"";
				ENABLE_PREVIEWS = YES;
				GENERATE_INFOPLIST_FILE = YES;
				INFOPLIST_KEY_UIApplicationSceneManifest_Generation = YES;
				INFOPLIST_KEY_UIApplicationSupportsIndirectInputEvents = YES;
				INFOPLIST_KEY_UILaunchScreen_Generation = YES;
				INFOPLIST_KEY_UISupportedInterfaceOrientations_iPad = "UIInterfaceOrientationPortrait UIInterfaceOrientationPortraitUpsideDown UIInterfaceOrientationLandscapeLeft UIInterfaceOrientationLandscapeRight";
				INFOPLIST_KEY_UISupportedInterfaceOrientations_iPhone = "UIInterfaceOrientationPortrait UIInterfaceOrientationLandscapeLeft UIInterfaceOrientationLandscapeRight";
				LD_RUNPATH_SEARCH_PATHS = (
					"$(inherited)",
					"@executable_path/Frameworks",
				);
				MARKETING_VERSION = 1.0;
				PRODUCT_BUNDLE_IDENTIFIER = "ios.108.Foodier-";
				PRODUCT_NAME = "$(TARGET_NAME)";
				SWIFT_EMIT_LOC_STRINGS = YES;
				SWIFT_VERSION = 5.0;
				TARGETED_DEVICE_FAMILY = "1,2";
			};
			name = Release;
		};
		A05B236B2AFEB08C00EF10D5 /* Debug */ = {
			isa = XCBuildConfiguration;
			buildSettings = {
				ALWAYS_EMBED_SWIFT_STANDARD_LIBRARIES = YES;
				BUNDLE_LOADER = "$(TEST_HOST)";
				CODE_SIGN_STYLE = Automatic;
				CURRENT_PROJECT_VERSION = 1;
				GENERATE_INFOPLIST_FILE = YES;
				IPHONEOS_DEPLOYMENT_TARGET = 16.4;
				MARKETING_VERSION = 1.0;
				PRODUCT_BUNDLE_IDENTIFIER = "ios.108.Foodier-Tests";
				PRODUCT_NAME = "$(TARGET_NAME)";
				SWIFT_EMIT_LOC_STRINGS = NO;
				SWIFT_VERSION = 5.0;
				TARGETED_DEVICE_FAMILY = "1,2";
				TEST_HOST = "$(BUILT_PRODUCTS_DIR)/Foodier!.app/$(BUNDLE_EXECUTABLE_FOLDER_PATH)/Foodier!";
			};
			name = Debug;
		};
		A05B236C2AFEB08C00EF10D5 /* Release */ = {
			isa = XCBuildConfiguration;
			buildSettings = {
				ALWAYS_EMBED_SWIFT_STANDARD_LIBRARIES = YES;
				BUNDLE_LOADER = "$(TEST_HOST)";
				CODE_SIGN_STYLE = Automatic;
				CURRENT_PROJECT_VERSION = 1;
				GENERATE_INFOPLIST_FILE = YES;
				IPHONEOS_DEPLOYMENT_TARGET = 16.4;
				MARKETING_VERSION = 1.0;
				PRODUCT_BUNDLE_IDENTIFIER = "ios.108.Foodier-Tests";
				PRODUCT_NAME = "$(TARGET_NAME)";
				SWIFT_EMIT_LOC_STRINGS = NO;
				SWIFT_VERSION = 5.0;
				TARGETED_DEVICE_FAMILY = "1,2";
				TEST_HOST = "$(BUILT_PRODUCTS_DIR)/Foodier!.app/$(BUNDLE_EXECUTABLE_FOLDER_PATH)/Foodier!";
			};
			name = Release;
		};
		A05B236E2AFEB08C00EF10D5 /* Debug */ = {
			isa = XCBuildConfiguration;
			buildSettings = {
				ALWAYS_EMBED_SWIFT_STANDARD_LIBRARIES = YES;
				CODE_SIGN_STYLE = Automatic;
				CURRENT_PROJECT_VERSION = 1;
				GENERATE_INFOPLIST_FILE = YES;
				MARKETING_VERSION = 1.0;
				PRODUCT_BUNDLE_IDENTIFIER = "ios.108.Foodier-UITests";
				PRODUCT_NAME = "$(TARGET_NAME)";
				SWIFT_EMIT_LOC_STRINGS = NO;
				SWIFT_VERSION = 5.0;
				TARGETED_DEVICE_FAMILY = "1,2";
				TEST_TARGET_NAME = "Foodier!";
			};
			name = Debug;
		};
		A05B236F2AFEB08C00EF10D5 /* Release */ = {
			isa = XCBuildConfiguration;
			buildSettings = {
				ALWAYS_EMBED_SWIFT_STANDARD_LIBRARIES = YES;
				CODE_SIGN_STYLE = Automatic;
				CURRENT_PROJECT_VERSION = 1;
				GENERATE_INFOPLIST_FILE = YES;
				MARKETING_VERSION = 1.0;
				PRODUCT_BUNDLE_IDENTIFIER = "ios.108.Foodier-UITests";
				PRODUCT_NAME = "$(TARGET_NAME)";
				SWIFT_EMIT_LOC_STRINGS = NO;
				SWIFT_VERSION = 5.0;
				TARGETED_DEVICE_FAMILY = "1,2";
				TEST_TARGET_NAME = "Foodier!";
			};
			name = Release;
		};
/* End XCBuildConfiguration section */

/* Begin XCConfigurationList section */
		A05B23382AFEB08A00EF10D5 /* Build configuration list for PBXProject "Foodier!" */ = {
			isa = XCConfigurationList;
			buildConfigurations = (
				A05B23652AFEB08C00EF10D5 /* Debug */,
				A05B23662AFEB08C00EF10D5 /* Release */,
			);
			defaultConfigurationIsVisible = 0;
			defaultConfigurationName = Release;
		};
		A05B23672AFEB08C00EF10D5 /* Build configuration list for PBXNativeTarget "Foodier!" */ = {
			isa = XCConfigurationList;
			buildConfigurations = (
				A05B23682AFEB08C00EF10D5 /* Debug */,
				A05B23692AFEB08C00EF10D5 /* Release */,
			);
			defaultConfigurationIsVisible = 0;
			defaultConfigurationName = Release;
		};
		A05B236A2AFEB08C00EF10D5 /* Build configuration list for PBXNativeTarget "Foodier!Tests" */ = {
			isa = XCConfigurationList;
			buildConfigurations = (
				A05B236B2AFEB08C00EF10D5 /* Debug */,
				A05B236C2AFEB08C00EF10D5 /* Release */,
			);
			defaultConfigurationIsVisible = 0;
			defaultConfigurationName = Release;
		};
		A05B236D2AFEB08C00EF10D5 /* Build configuration list for PBXNativeTarget "Foodier!UITests" */ = {
			isa = XCConfigurationList;
			buildConfigurations = (
				A05B236E2AFEB08C00EF10D5 /* Debug */,
				A05B236F2AFEB08C00EF10D5 /* Release */,
			);
			defaultConfigurationIsVisible = 0;
			defaultConfigurationName = Release;
		};
/* End XCConfigurationList section */

/* Begin XCVersionGroup section */
		A05B234B2AFEB08C00EF10D5 /* Foodier_.xcdatamodeld */ = {
			isa = XCVersionGroup;
			children = (
				A05B234C2AFEB08C00EF10D5 /* Foodier_.xcdatamodel */,
			);
			currentVersion = A05B234C2AFEB08C00EF10D5 /* Foodier_.xcdatamodel */;
			path = Foodier_.xcdatamodeld;
			sourceTree = "<group>";
			versionGroupType = wrapper.xcdatamodel;
		};
/* End XCVersionGroup section */
	};
	rootObject = A05B23352AFEB08A00EF10D5 /* Project object */;
}
